{"1.2.0",
[{<<"certifi">>,{pkg,<<"certifi">>,<<"2.4.2">>},2},
 {<<"cowboy">>,{pkg,<<"cowboy">>,<<"2.4.0">>},0},
 {<<"cowlib">>,{pkg,<<"cowlib">>,<<"2.3.0">>},1},
 {<<"enotify">>,{pkg,<<"enotify">>,<<"0.1.0">>},2},
 {<<"eper">>,{pkg,<<"eper">>,<<"0.99.1">>},2},
 {<<"goldrush">>,{pkg,<<"goldrush">>,<<"0.1.9">>},1},
 {<<"gun">>,
  {git,"https://github.com/ninenines/gun.git",
       {ref,"fbe58ec837cc3c84b08d701c82b95222738c775f"}},
  2},
 {<<"jsone">>,{pkg,<<"jsone">>,<<"1.9.0">>},2},
 {<<"lager">>,{pkg,<<"lager">>,<<"3.9.2">>},0},
 {<<"meck">>,{pkg,<<"meck">>,<<"0.8.12">>},0},
 {<<"mimerl">>,{pkg,<<"mimerl">>,<<"1.5.0">>},2},
 {<<"nklib">>,
  {git,"https://github.com/netcomposer/nklib",
       {ref,"c3f4341dd5cf0941389c1a2609e3c6db3855f899"}},
  1},
 {<<"nkpacket">>,
  {git,"https://github.com/netcomposer/nkpacket",
       {ref,"636d30fc825b943c4203c508b8e5285c505063da"}},
  1},
 {<<"nkserver">>,
  {git,"https://github.com/netcomposer/nkserver",
       {ref,"0a84951ae7b4ed79a18d7900b505e46280f1fd47"}},
  1},
 {<<"nksip">>,
  {git,"https://github.com/netcomposer/nksip",
       {ref,"7fbcc66806635dc8ecc5d11c30322e4d1df36f0a"}},
  0},
 {<<"parse_trans">>,{pkg,<<"parse_trans">>,<<"3.4.2">>},3},
 {<<"parsexml">>,{pkg,<<"parsexml">>,<<"1.0.0">>},2},
 {<<"ranch">>,{pkg,<<"ranch">>,<<"1.5.0">>},1},
 {<<"recon">>,{pkg,<<"recon">>,<<"2.5.6">>},2},
 {<<"rfc3339">>,{pkg,<<"rfc3339">>,<<"0.9.0">>},2},
 {<<"ssl_verify_fun">>,{pkg,<<"ssl_verify_fun">>,<<"1.1.4">>},2},
 {<<"yamerl">>,{pkg,<<"yamerl">>,<<"0.10.0">>},2}]}.
[
{pkg_hash,[
 {<<"certifi">>, <<"75424FF0F3BAACCFD34B1214184B6EF616D89E420B258BB0A5EA7D7BC628F7F0">>},
 {<<"cowboy">>, <<"F1B72FABE9C8A5FC64AC5AC85FB65474D64733D1DF52A26FAD5D4BA3D9F70A9F">>},
 {<<"cowlib">>, <<"BBD58EF537904E4F7C1DD62E6AA8BC831C8183CE4EFA9BD1150164FE15BE4CAA">>},
 {<<"enotify">>, <<"F6BF33AA7BC4789D953087E48C6ADBC6D9682B6D67E4BC353C2FDB96C5AC5595">>},
 {<<"eper">>, <<"A50698B6803B8732AD6575285320999FE73E160A1A9FF7EFCAB6B6F818BD2C1F">>},
 {<<"goldrush">>, <<"F06E5D5F1277DA5C413E84D5A2924174182FB108DABB39D5EC548B27424CD106">>},
 {<<"jsone">>, <<"2242DC76859DB74E27AE6B6209BBF4F03651B8EDDB53FA8002A931D35953E9B6">>},
 {<<"lager">>, <<"4CAB289120EB24964E3886BD22323CB5FEFE4510C076992A23AD18CF85413D8C">>},
 {<<"meck">>, <<"1F7B1A9F5D12C511848FEC26BBEFD09A21E1432EADB8982D9A8ACEB9891A3CF2">>},
 {<<"mimerl">>, <<"F35ACA6F23242339B3666E0AC0702379E362B469D0AEA167F6CC713547E777ED">>},
 {<<"parse_trans">>, <<"C352DDC1A0D5E54F9B1654D45F9C432EEF76F9CEA371C55DDFF769EF688FDB74">>},
 {<<"parsexml">>, <<"62DB6B80C2F55F7C0A8CBCD124B34B8E1C29EDDCC88D13E170C3A1302A3E1E8D">>},
 {<<"ranch">>, <<"F04166F456790FEE2AC1AA05A02745CC75783C2BFB26D39FAF6AEFC9A3D3A58A">>},
 {<<"recon">>, <<"9052588E83BFEDFD9B72E1034532AEE2A5369D9D9343B61AEB7FBCE761010741">>},
 {<<"rfc3339">>, <<"2075653DC9407541C84B1E15F8BDA2ABE95FB17C9694025E079583F2D19C1060">>},
 {<<"ssl_verify_fun">>, <<"F0EAFFF810D2041E93F915EF59899C923F4568F4585904D010387ED74988E77B">>},
 {<<"yamerl">>, <<"4FF81FEE2F1F6A46F1700C0D880B24D193DDB74BD14EF42CB0BCF46E81EF2F8E">>}]},
{pkg_hash_ext,[
 {<<"certifi">>, <<"01D479EDBA0569A7B7A2C8BF923FEEB6DC6A358EDC2965EF69AEA9BA288BB243">>},
 {<<"cowboy">>, <<"ADA25DBFD4E8779C5903471D8A84E98C303975B26619F1A5CB2B9C2B5D08414A">>},
 {<<"cowlib">>, <<"D69585839B7354141E05E9687490E1C75D4DEA82EE77A4FF904EA5198B94D89B">>},
 {<<"enotify">>, <<"8E48DA763CE15BFD75CC857DDFE5011B03189D597F47BCDD8ACC6FBBE8E6B6F4">>},
 {<<"eper">>, <<"1D2685445C401C4D91E23EA59B8FD327C29186DFB5F3B271D3C1EB73A3CBC9F3">>},
 {<<"goldrush">>, <<"99CB4128CFFCB3227581E5D4D803D5413FA643F4EB96523F77D9E6937D994CEB">>},
 {<<"jsone">>, <<"6863DCF95A7FC26094EAAFF0D72522D58FE22719B4758AFB75A21735BC92646D">>},
 {<<"lager">>, <<"7F904D9E87A8CB7E66156ED31768D1C8E26EBA1D54F4BC85B1AA4AC1F6340C28">>},
 {<<"meck">>, <<"7A6AB35A42E6C846636E8ECD6FDF2CC2E3F09DBEE1ABB15C1A7C705C10775787">>},
 {<<"mimerl">>, <<"DB648CE065BAE14EA84CA8B5DD123F42F49417CEF693541110BF6F9E9BE9ECC4">>},
 {<<"parse_trans">>, <<"4C25347DE3B7C35732D32E69AB43D1CEEE0BEAE3F3B3ADE1B59CBD3DD224D9CA">>},
 {<<"parsexml">>, <<"D7F678BE0D15A971927D9138C1CE962F81648F16E3233191CA37BA2638C06AC8">>},
 {<<"ranch">>, <<"86D40FC42AA47BCB6952DDF1DBFD3DA04B5BA69AFB65C322C99845913250B11F">>},
 {<<"recon">>, <<"96C6799792D735CC0F0FD0F86267E9D351E63339CBE03DF9D162010CEFC26BB0">>},
 {<<"rfc3339">>, <<"182314DE35C9F4180B22EB5F22916D8D7A799C1109A060C752970273A9332AD6">>},
 {<<"ssl_verify_fun">>, <<"603561DC0FD62F4F2EA9B890F4E20E1A0D388746D6E20557CAFB1B16950DE88C">>},
 {<<"yamerl">>, <<"346ADB2963F1051DC837A2364E4ACF6EB7D80097C0F53CBDC3046EC8EC4B4E6E">>}]}
].
